{
  "name": "@mathdown/microlight",
  "version": "0.3.1",
  "lockfileVersion": 1,
  "requires": true,
  "dependencies": {
    "@mathdown/snapshot": {
      "version": "0.0.1",
      "resolved": "https://npm.pkg.github.com/download/@mathdown/snapshot/0.0.1/57fc719fadf710b107ac1b10d600e89ed9d0eba8d7343939760bcc89bb46575b",
      "integrity": "sha512-3kfZA2heXzukYGqhZg693z1+eyAvDd1EhDuuwKnc2+ClwTNyL1O6VfCrn1ahRfQ4EnjjycRJioDWk+X2sCFIcg==",
      "dev": true
    },
    "m.test": {
      "version": "0.0.58",
      "resolved": "https://registry.npmjs.org/m.test/-/m.test-0.0.58.tgz",
      "integrity": "sha512-73x8UyStjYLEL2m6OrnHMwT7xKsgGduBnKxMIUyzE3NrmsOgUNpPobFJUrwe/RUKkcNDhJ48L+Dc1cQj1sjtZg==",
      "dev": true
    }
  }
}
